
Microsoft Visual Studio Solution File, Format Version 12.00
# Visual Studio Version 17
VisualStudioVersion = 17.8.34408.163
MinimumVisualStudioVersion = 10.0.40219.1
Project("{9A19103F-16F7-4668-BE54-9A1E7A4F7556}") = "ConsoleApp1", "ConsoleApp1\ConsoleApp1.csproj", "{54A9721E-DEAA-4806-8DF8-D3C0C5EF7430}"
EndProject
Project("{FAE04EC0-301F-11D3-BF4B-00C04F79EFBC}") = "ConsoleApp2", "ConsoleApp2\ConsoleApp2.csproj", "{64CF742A-DC34-4BD6-AB24-1F48302E1795}"
EndProject
Project("{FAE04EC0-301F-11D3-BF4B-00C04F79EFBC}") = "ConsoleApp3", "ConsoleApp3\ConsoleApp3.csproj", "{76060595-9809-4F0D-A9F3-6725F407F847}"
EndProject
Global
	GlobalSection(SolutionConfigurationPlatforms) = preSolution
		Debug|Any CPU = Debug|Any CPU
		Release|Any CPU = Release|Any CPU
	EndGlobalSection
	GlobalSection(ProjectConfigurationPlatforms) = postSolution
		{54A9721E-DEAA-4806-8DF8-D3C0C5EF7430}.Debug|Any CPU.ActiveCfg = Debug|Any CPU
		{54A9721E-DEAA-4806-8DF8-D3C0C5EF7430}.Debug|Any CPU.Build.0 = Debug|Any CPU
		{54A9721E-DEAA-4806-8DF8-D3C0C5EF7430}.Release|Any CPU.ActiveCfg = Release|Any CPU
		{54A9721E-DEAA-4806-8DF8-D3C0C5EF7430}.Release|Any CPU.Build.0 = Release|Any CPU
		{64CF742A-DC34-4BD6-AB24-1F48302E1795}.Debug|Any CPU.ActiveCfg = Debug|Any CPU
		{64CF742A-DC34-4BD6-AB24-1F48302E1795}.Debug|Any CPU.Build.0 = Debug|Any CPU
		{64CF742A-DC34-4BD6-AB24-1F48302E1795}.Release|Any CPU.ActiveCfg = Release|Any CPU
		{64CF742A-DC34-4BD6-AB24-1F48302E1795}.Release|Any CPU.Build.0 = Release|Any CPU
		{76060595-9809-4F0D-A9F3-6725F407F847}.Debug|Any CPU.ActiveCfg = Debug|Any CPU
		{76060595-9809-4F0D-A9F3-6725F407F847}.Debug|Any CPU.Build.0 = Debug|Any CPU
		{76060595-9809-4F0D-A9F3-6725F407F847}.Release|Any CPU.ActiveCfg = Release|Any CPU
		{76060595-9809-4F0D-A9F3-6725F407F847}.Release|Any CPU.Build.0 = Release|Any CPU
	EndGlobalSection
	GlobalSection(SolutionProperties) = preSolution
		HideSolutionNode = FALSE
	EndGlobalSection
	GlobalSection(ExtensibilityGlobals) = postSolution
		SolutionGuid = {A42A176C-DEDA-4A54-83E4-0ECEFE6BD2C2}
	EndGlobalSection
EndGlobal
